
Microsoft Visual Studio Solution File, Format Version 12.00
# Visual Studio 15
VisualStudioVersion = 15.0.27428.2015
MinimumVisualStudioVersion = 10.0.40219.1
Project("{FAE04EC0-301F-11D3-BF4B-00C04F79EFBC}") = "P01.ShootingContest", "P01\P01.ShootingContest.csproj", "{1B7D3F4A-C5CD-4D97-B04B-8F591529982F}"
EndProject
Project("{FAE04EC0-301F-11D3-BF4B-00C04F79EFBC}") = "P02.AlienCode", "P02\P02.AlienCode.csproj", "{D23449BF-958C-4FD8-AC4B-CDE355D18622}"
EndProject
Project("{FAE04EC0-301F-11D3-BF4B-00C04F79EFBC}") = "P03.ArraySearch", "P03\P03.ArraySearch.csproj", "{C7B75C22-8997-4F56-9438-6C826C219DA1}"
EndProject
Global
	GlobalSection(SolutionConfigurationPlatforms) = preSolution
		Debug|Any CPU = Debug|Any CPU
		Release|Any CPU = Release|Any CPU
	EndGlobalSection
	GlobalSection(ProjectConfigurationPlatforms) = postSolution
		{1B7D3F4A-C5CD-4D97-B04B-8F591529982F}.Debug|Any CPU.ActiveCfg = Debug|Any CPU
		{1B7D3F4A-C5CD-4D97-B04B-8F591529982F}.Debug|Any CPU.Build.0 = Debug|Any CPU
		{1B7D3F4A-C5CD-4D97-B04B-8F591529982F}.Release|Any CPU.ActiveCfg = Release|Any CPU
		{1B7D3F4A-C5CD-4D97-B04B-8F591529982F}.Release|Any CPU.Build.0 = Release|Any CPU
		{D23449BF-958C-4FD8-AC4B-CDE355D18622}.Debug|Any CPU.ActiveCfg = Debug|Any CPU
		{D23449BF-958C-4FD8-AC4B-CDE355D18622}.Debug|Any CPU.Build.0 = Debug|Any CPU
		{D23449BF-958C-4FD8-AC4B-CDE355D18622}.Release|Any CPU.ActiveCfg = Release|Any CPU
		{D23449BF-958C-4FD8-AC4B-CDE355D18622}.Release|Any CPU.Build.0 = Release|Any CPU
		{C7B75C22-8997-4F56-9438-6C826C219DA1}.Debug|Any CPU.ActiveCfg = Debug|Any CPU
		{C7B75C22-8997-4F56-9438-6C826C219DA1}.Debug|Any CPU.Build.0 = Debug|Any CPU
		{C7B75C22-8997-4F56-9438-6C826C219DA1}.Release|Any CPU.ActiveCfg = Release|Any CPU
		{C7B75C22-8997-4F56-9438-6C826C219DA1}.Release|Any CPU.Build.0 = Release|Any CPU
	EndGlobalSection
	GlobalSection(SolutionProperties) = preSolution
		HideSolutionNode = FALSE
	EndGlobalSection
	GlobalSection(ExtensibilityGlobals) = postSolution
		SolutionGuid = {D1D7D2F7-894C-4317-BFE6-FEEA7D8A3C8A}
	EndGlobalSection
EndGlobal
